
Microsoft Visual Studio Solution File, Format Version 12.00
# Visual Studio Version 16
VisualStudioVersion = 16.0.29306.81
MinimumVisualStudioVersion = 10.0.40219.1
Project("{FAE04EC0-301F-11D3-BF4B-00C04F79EFBC}") = "WindowsFormsApp_계산기", "WindowsFormsApp_계산기\WindowsFormsApp_계산기.csproj", "{C5F599FC-C70F-4150-AE64-172E9381AE3C}"
EndProject
Global
	GlobalSection(SolutionConfigurationPlatforms) = preSolution
		Debug|Any CPU = Debug|Any CPU
		Release|Any CPU = Release|Any CPU
	EndGlobalSection
	GlobalSection(ProjectConfigurationPlatforms) = postSolution
		{C5F599FC-C70F-4150-AE64-172E9381AE3C}.Debug|Any CPU.ActiveCfg = Debug|Any CPU
		{C5F599FC-C70F-4150-AE64-172E9381AE3C}.Debug|Any CPU.Build.0 = Debug|Any CPU
		{C5F599FC-C70F-4150-AE64-172E9381AE3C}.Release|Any CPU.ActiveCfg = Release|Any CPU
		{C5F599FC-C70F-4150-AE64-172E9381AE3C}.Release|Any CPU.Build.0 = Release|Any CPU
	EndGlobalSection
	GlobalSection(SolutionProperties) = preSolution
		HideSolutionNode = FALSE
	EndGlobalSection
	GlobalSection(ExtensibilityGlobals) = postSolution
		SolutionGuid = {9ECD2F41-7469-4C58-A0AB-5BDDA37F2254}
	EndGlobalSection
EndGlobal
